
Microsoft Visual Studio Solution File, Format Version 12.00
# Visual Studio 14
VisualStudioVersion = 14.0.24720.0
MinimumVisualStudioVersion = 10.0.40219.1
Project("{FAE04EC0-301F-11D3-BF4B-00C04F79EFBC}") = "01.Permutations", "01.Permutations\01.Permutations.csproj", "{C82EAF16-2229-4EBC-A6CE-6E39397A7241}"
EndProject
Project("{FAE04EC0-301F-11D3-BF4B-00C04F79EFBC}") = "02.PermutationsItterative", "02.PermutationsItterative\02.PermutationsItterative.csproj", "{14541A70-A154-4B2A-BF74-99304D2F4152}"
EndProject
Project("{FAE04EC0-301F-11D3-BF4B-00C04F79EFBC}") = "03.CombinationsItterative", "03.CombinationsItterative\03.CombinationsItterative.csproj", "{503C7240-3B06-48B6-8358-B06D58DDAAF6}"
EndProject
Project("{FAE04EC0-301F-11D3-BF4B-00C04F79EFBC}") = "04.GenerateSubsetsOfStringArray", "04.GenerateSubsetsOfStringArray\04.GenerateSubsetsOfStringArray.csproj", "{4EF594CB-EFB0-44D2-ACA6-056D7A15F449}"
EndProject
Global
	GlobalSection(SolutionConfigurationPlatforms) = preSolution
		Debug|Any CPU = Debug|Any CPU
		Release|Any CPU = Release|Any CPU
	EndGlobalSection
	GlobalSection(ProjectConfigurationPlatforms) = postSolution
		{C82EAF16-2229-4EBC-A6CE-6E39397A7241}.Debug|Any CPU.ActiveCfg = Debug|Any CPU
		{C82EAF16-2229-4EBC-A6CE-6E39397A7241}.Debug|Any CPU.Build.0 = Debug|Any CPU
		{C82EAF16-2229-4EBC-A6CE-6E39397A7241}.Release|Any CPU.ActiveCfg = Release|Any CPU
		{C82EAF16-2229-4EBC-A6CE-6E39397A7241}.Release|Any CPU.Build.0 = Release|Any CPU
		{14541A70-A154-4B2A-BF74-99304D2F4152}.Debug|Any CPU.ActiveCfg = Debug|Any CPU
		{14541A70-A154-4B2A-BF74-99304D2F4152}.Debug|Any CPU.Build.0 = Debug|Any CPU
		{14541A70-A154-4B2A-BF74-99304D2F4152}.Release|Any CPU.ActiveCfg = Release|Any CPU
		{14541A70-A154-4B2A-BF74-99304D2F4152}.Release|Any CPU.Build.0 = Release|Any CPU
		{503C7240-3B06-48B6-8358-B06D58DDAAF6}.Debug|Any CPU.ActiveCfg = Debug|Any CPU
		{503C7240-3B06-48B6-8358-B06D58DDAAF6}.Debug|Any CPU.Build.0 = Debug|Any CPU
		{503C7240-3B06-48B6-8358-B06D58DDAAF6}.Release|Any CPU.ActiveCfg = Release|Any CPU
		{503C7240-3B06-48B6-8358-B06D58DDAAF6}.Release|Any CPU.Build.0 = Release|Any CPU
		{4EF594CB-EFB0-44D2-ACA6-056D7A15F449}.Debug|Any CPU.ActiveCfg = Debug|Any CPU
		{4EF594CB-EFB0-44D2-ACA6-056D7A15F449}.Debug|Any CPU.Build.0 = Debug|Any CPU
		{4EF594CB-EFB0-44D2-ACA6-056D7A15F449}.Release|Any CPU.ActiveCfg = Release|Any CPU
		{4EF594CB-EFB0-44D2-ACA6-056D7A15F449}.Release|Any CPU.Build.0 = Release|Any CPU
	EndGlobalSection
	GlobalSection(SolutionProperties) = preSolution
		HideSolutionNode = FALSE
	EndGlobalSection
EndGlobal
