
Microsoft Visual Studio Solution File, Format Version 12.00
# Visual Studio 14
VisualStudioVersion = 14.0.25420.1
MinimumVisualStudioVersion = 10.0.40219.1
Project("{FAE04EC0-301F-11D3-BF4B-00C04F79EFBC}") = "SimpleHttpServer", "SimpleHttpServer\SimpleHttpServer.csproj", "{A1A46EE5-28AC-4AD7-983E-0A9EFDEB8D6E}"
EndProject
Project("{FAE04EC0-301F-11D3-BF4B-00C04F79EFBC}") = "SimpleMVC.App", "SimpleMVC.App\SimpleMVC.App.csproj", "{8B22A425-2AB0-4006-B6FB-AC841CC7D7BD}"
EndProject
Global
	GlobalSection(SolutionConfigurationPlatforms) = preSolution
		Debug|Any CPU = Debug|Any CPU
		Release|Any CPU = Release|Any CPU
	EndGlobalSection
	GlobalSection(ProjectConfigurationPlatforms) = postSolution
		{A1A46EE5-28AC-4AD7-983E-0A9EFDEB8D6E}.Debug|Any CPU.ActiveCfg = Debug|Any CPU
		{A1A46EE5-28AC-4AD7-983E-0A9EFDEB8D6E}.Debug|Any CPU.Build.0 = Debug|Any CPU
		{A1A46EE5-28AC-4AD7-983E-0A9EFDEB8D6E}.Release|Any CPU.ActiveCfg = Release|Any CPU
		{A1A46EE5-28AC-4AD7-983E-0A9EFDEB8D6E}.Release|Any CPU.Build.0 = Release|Any CPU
		{8B22A425-2AB0-4006-B6FB-AC841CC7D7BD}.Debug|Any CPU.ActiveCfg = Debug|Any CPU
		{8B22A425-2AB0-4006-B6FB-AC841CC7D7BD}.Debug|Any CPU.Build.0 = Debug|Any CPU
		{8B22A425-2AB0-4006-B6FB-AC841CC7D7BD}.Release|Any CPU.ActiveCfg = Release|Any CPU
		{8B22A425-2AB0-4006-B6FB-AC841CC7D7BD}.Release|Any CPU.Build.0 = Release|Any CPU
	EndGlobalSection
	GlobalSection(SolutionProperties) = preSolution
		HideSolutionNode = FALSE
	EndGlobalSection
EndGlobal
