
Microsoft Visual Studio Solution File, Format Version 12.00
# Visual Studio 2013
VisualStudioVersion = 12.0.21005.1
MinimumVisualStudioVersion = 10.0.40219.1
Project("{FAE04EC0-301F-11D3-BF4B-00C04F79EFBC}") = "EnterNumbers", "01.EnterNumbers\EnterNumbers.csproj", "{1FF48AFC-D4DC-4FA0-8B86-60BAA5E0F195}"
EndProject
Project("{FAE04EC0-301F-11D3-BF4B-00C04F79EFBC}") = "SquareRoot", "02.ExceptionHandling\SquareRoot.csproj", "{FECA3257-8E12-4E4D-958B-6641AC3076AA}"
EndProject
Global
	GlobalSection(SolutionConfigurationPlatforms) = preSolution
		Debug|Any CPU = Debug|Any CPU
		Release|Any CPU = Release|Any CPU
	EndGlobalSection
	GlobalSection(ProjectConfigurationPlatforms) = postSolution
		{1FF48AFC-D4DC-4FA0-8B86-60BAA5E0F195}.Debug|Any CPU.ActiveCfg = Debug|Any CPU
		{1FF48AFC-D4DC-4FA0-8B86-60BAA5E0F195}.Debug|Any CPU.Build.0 = Debug|Any CPU
		{1FF48AFC-D4DC-4FA0-8B86-60BAA5E0F195}.Release|Any CPU.ActiveCfg = Release|Any CPU
		{1FF48AFC-D4DC-4FA0-8B86-60BAA5E0F195}.Release|Any CPU.Build.0 = Release|Any CPU
		{FECA3257-8E12-4E4D-958B-6641AC3076AA}.Debug|Any CPU.ActiveCfg = Debug|Any CPU
		{FECA3257-8E12-4E4D-958B-6641AC3076AA}.Debug|Any CPU.Build.0 = Debug|Any CPU
		{FECA3257-8E12-4E4D-958B-6641AC3076AA}.Release|Any CPU.ActiveCfg = Release|Any CPU
		{FECA3257-8E12-4E4D-958B-6641AC3076AA}.Release|Any CPU.Build.0 = Release|Any CPU
	EndGlobalSection
	GlobalSection(SolutionProperties) = preSolution
		HideSolutionNode = FALSE
	EndGlobalSection
EndGlobal
