
Microsoft Visual Studio Solution File, Format Version 12.00
# Visual Studio 14
VisualStudioVersion = 14.0.25123.0
MinimumVisualStudioVersion = 10.0.40219.1
Project("{FAE04EC0-301F-11D3-BF4B-00C04F79EFBC}") = "01.BinomialCoefficients", "01.BinomialCoefficients\01.BinomialCoefficients.csproj", "{CC4D0748-9941-4CBE-946E-84FC35988739}"
EndProject
Project("{FAE04EC0-301F-11D3-BF4B-00C04F79EFBC}") = "02.LongestZigZagSequence", "02.LongestZigZagSequence\02.LongestZigZagSequence.csproj", "{BEBC0885-A3FB-4F3A-80FE-07A4E011BD6C}"
EndProject
Project("{FAE04EC0-301F-11D3-BF4B-00C04F79EFBC}") = "03.DividingPresents", "03.DividingPresents\03.DividingPresents.csproj", "{BBB98E6F-11F4-4E86-A787-A5FBABA29ACE}"
EndProject
Project("{FAE04EC0-301F-11D3-BF4B-00C04F79EFBC}") = "04.RepresentingSumWithUnlimitedAmountOfCoins", "04.RepresentingSumWithUnlimitedAmountOfCoins\04.RepresentingSumWithUnlimitedAmountOfCoins.csproj", "{01DA5712-B410-46CE-86C8-CE077C76E439}"
EndProject
Project("{FAE04EC0-301F-11D3-BF4B-00C04F79EFBC}") = "05.RepresentingSumWithLimitedAmountOfCoins", "05.RepresentingSumWithLimitedAmountOfCoins\05.RepresentingSumWithLimitedAmountOfCoins.csproj", "{77A33933-D4F1-4B8D-97A7-715CD326EA80}"
EndProject
Project("{FAE04EC0-301F-11D3-BF4B-00C04F79EFBC}") = "06.MinimumEditDistance", "06.MinimumEditDistance\06.MinimumEditDistance.csproj", "{BED1F45F-8E8D-4D7D-94A8-779E185E1847}"
EndProject
Global
	GlobalSection(SolutionConfigurationPlatforms) = preSolution
		Debug|Any CPU = Debug|Any CPU
		Release|Any CPU = Release|Any CPU
	EndGlobalSection
	GlobalSection(ProjectConfigurationPlatforms) = postSolution
		{CC4D0748-9941-4CBE-946E-84FC35988739}.Debug|Any CPU.ActiveCfg = Debug|Any CPU
		{CC4D0748-9941-4CBE-946E-84FC35988739}.Debug|Any CPU.Build.0 = Debug|Any CPU
		{CC4D0748-9941-4CBE-946E-84FC35988739}.Release|Any CPU.ActiveCfg = Release|Any CPU
		{CC4D0748-9941-4CBE-946E-84FC35988739}.Release|Any CPU.Build.0 = Release|Any CPU
		{BEBC0885-A3FB-4F3A-80FE-07A4E011BD6C}.Debug|Any CPU.ActiveCfg = Debug|Any CPU
		{BEBC0885-A3FB-4F3A-80FE-07A4E011BD6C}.Debug|Any CPU.Build.0 = Debug|Any CPU
		{BEBC0885-A3FB-4F3A-80FE-07A4E011BD6C}.Release|Any CPU.ActiveCfg = Release|Any CPU
		{BEBC0885-A3FB-4F3A-80FE-07A4E011BD6C}.Release|Any CPU.Build.0 = Release|Any CPU
		{BBB98E6F-11F4-4E86-A787-A5FBABA29ACE}.Debug|Any CPU.ActiveCfg = Debug|Any CPU
		{BBB98E6F-11F4-4E86-A787-A5FBABA29ACE}.Debug|Any CPU.Build.0 = Debug|Any CPU
		{BBB98E6F-11F4-4E86-A787-A5FBABA29ACE}.Release|Any CPU.ActiveCfg = Release|Any CPU
		{BBB98E6F-11F4-4E86-A787-A5FBABA29ACE}.Release|Any CPU.Build.0 = Release|Any CPU
		{01DA5712-B410-46CE-86C8-CE077C76E439}.Debug|Any CPU.ActiveCfg = Debug|Any CPU
		{01DA5712-B410-46CE-86C8-CE077C76E439}.Debug|Any CPU.Build.0 = Debug|Any CPU
		{01DA5712-B410-46CE-86C8-CE077C76E439}.Release|Any CPU.ActiveCfg = Release|Any CPU
		{01DA5712-B410-46CE-86C8-CE077C76E439}.Release|Any CPU.Build.0 = Release|Any CPU
		{77A33933-D4F1-4B8D-97A7-715CD326EA80}.Debug|Any CPU.ActiveCfg = Debug|Any CPU
		{77A33933-D4F1-4B8D-97A7-715CD326EA80}.Debug|Any CPU.Build.0 = Debug|Any CPU
		{77A33933-D4F1-4B8D-97A7-715CD326EA80}.Release|Any CPU.ActiveCfg = Release|Any CPU
		{77A33933-D4F1-4B8D-97A7-715CD326EA80}.Release|Any CPU.Build.0 = Release|Any CPU
		{BED1F45F-8E8D-4D7D-94A8-779E185E1847}.Debug|Any CPU.ActiveCfg = Debug|Any CPU
		{BED1F45F-8E8D-4D7D-94A8-779E185E1847}.Debug|Any CPU.Build.0 = Debug|Any CPU
		{BED1F45F-8E8D-4D7D-94A8-779E185E1847}.Release|Any CPU.ActiveCfg = Release|Any CPU
		{BED1F45F-8E8D-4D7D-94A8-779E185E1847}.Release|Any CPU.Build.0 = Release|Any CPU
	EndGlobalSection
	GlobalSection(SolutionProperties) = preSolution
		HideSolutionNode = FALSE
	EndGlobalSection
EndGlobal
