
Microsoft Visual Studio Solution File, Format Version 12.00
# Visual Studio 2013
VisualStudioVersion = 12.0.21005.1
MinimumVisualStudioVersion = 10.0.40219.1
Project("{FAE04EC0-301F-11D3-BF4B-00C04F79EFBC}") = "01.SortArrayofNumbers", "01.SortArrayOfNumbers\01.SortArrayofNumbers.csproj", "{B3549F5B-80E0-49EE-B7FF-4648A51FBBE6}"
EndProject
Project("{FAE04EC0-301F-11D3-BF4B-00C04F79EFBC}") = "02.SortArrayOfNumbersUsingSelectionSort", "02.SortArrayOfNumbersUsingSelectionSort\02.SortArrayOfNumbersUsingSelectionSort.csproj", "{269A7C55-E94C-4AF9-A7CD-24912B5DC49D}"
EndProject
Project("{FAE04EC0-301F-11D3-BF4B-00C04F79EFBC}") = "03.CategorizeNumsFindMinMaxAverage", "03.CategorizeNumsFindMinMaxAverage\03.CategorizeNumsFindMinMaxAverage.csproj", "{49AD4D6B-C6EF-4F9A-B730-FEE32B5F62F3}"
EndProject
Project("{FAE04EC0-301F-11D3-BF4B-00C04F79EFBC}") = "04.SequencesOfEqualStrings", "04.SequencesOfEqualStrings\04.SequencesOfEqualStrings.csproj", "{4BB21C43-FBC3-41D5-8314-81D2DBB94B02}"
EndProject
Project("{FAE04EC0-301F-11D3-BF4B-00C04F79EFBC}") = "05.LongestIncreasingSequence", "05.LongestIncreasingSequence\05.LongestIncreasingSequence.csproj", "{01F48F02-F073-4AAC-A9DD-A7B69870A73C}"
EndProject
Global
	GlobalSection(SolutionConfigurationPlatforms) = preSolution
		Debug|Any CPU = Debug|Any CPU
		Release|Any CPU = Release|Any CPU
	EndGlobalSection
	GlobalSection(ProjectConfigurationPlatforms) = postSolution
		{B3549F5B-80E0-49EE-B7FF-4648A51FBBE6}.Debug|Any CPU.ActiveCfg = Debug|Any CPU
		{B3549F5B-80E0-49EE-B7FF-4648A51FBBE6}.Debug|Any CPU.Build.0 = Debug|Any CPU
		{B3549F5B-80E0-49EE-B7FF-4648A51FBBE6}.Release|Any CPU.ActiveCfg = Release|Any CPU
		{B3549F5B-80E0-49EE-B7FF-4648A51FBBE6}.Release|Any CPU.Build.0 = Release|Any CPU
		{269A7C55-E94C-4AF9-A7CD-24912B5DC49D}.Debug|Any CPU.ActiveCfg = Debug|Any CPU
		{269A7C55-E94C-4AF9-A7CD-24912B5DC49D}.Debug|Any CPU.Build.0 = Debug|Any CPU
		{269A7C55-E94C-4AF9-A7CD-24912B5DC49D}.Release|Any CPU.ActiveCfg = Release|Any CPU
		{269A7C55-E94C-4AF9-A7CD-24912B5DC49D}.Release|Any CPU.Build.0 = Release|Any CPU
		{49AD4D6B-C6EF-4F9A-B730-FEE32B5F62F3}.Debug|Any CPU.ActiveCfg = Debug|Any CPU
		{49AD4D6B-C6EF-4F9A-B730-FEE32B5F62F3}.Debug|Any CPU.Build.0 = Debug|Any CPU
		{49AD4D6B-C6EF-4F9A-B730-FEE32B5F62F3}.Release|Any CPU.ActiveCfg = Release|Any CPU
		{49AD4D6B-C6EF-4F9A-B730-FEE32B5F62F3}.Release|Any CPU.Build.0 = Release|Any CPU
		{4BB21C43-FBC3-41D5-8314-81D2DBB94B02}.Debug|Any CPU.ActiveCfg = Debug|Any CPU
		{4BB21C43-FBC3-41D5-8314-81D2DBB94B02}.Debug|Any CPU.Build.0 = Debug|Any CPU
		{4BB21C43-FBC3-41D5-8314-81D2DBB94B02}.Release|Any CPU.ActiveCfg = Release|Any CPU
		{4BB21C43-FBC3-41D5-8314-81D2DBB94B02}.Release|Any CPU.Build.0 = Release|Any CPU
		{01F48F02-F073-4AAC-A9DD-A7B69870A73C}.Debug|Any CPU.ActiveCfg = Debug|Any CPU
		{01F48F02-F073-4AAC-A9DD-A7B69870A73C}.Debug|Any CPU.Build.0 = Debug|Any CPU
		{01F48F02-F073-4AAC-A9DD-A7B69870A73C}.Release|Any CPU.ActiveCfg = Release|Any CPU
		{01F48F02-F073-4AAC-A9DD-A7B69870A73C}.Release|Any CPU.Build.0 = Release|Any CPU
	EndGlobalSection
	GlobalSection(SolutionProperties) = preSolution
		HideSolutionNode = FALSE
	EndGlobalSection
EndGlobal
