
Microsoft Visual Studio Solution File, Format Version 12.00
# Visual Studio 14
VisualStudioVersion = 14.0.25420.1
MinimumVisualStudioVersion = 10.0.40219.1
Project("{FAE04EC0-301F-11D3-BF4B-00C04F79EFBC}") = "AddCake", "AddCake\AddCake.csproj", "{5CE4B608-3FEC-451D-95F3-C0770D449108}"
EndProject
Project("{FAE04EC0-301F-11D3-BF4B-00C04F79EFBC}") = "ByTheCake", "ByTheCake\ByTheCake.csproj", "{35ACD455-807C-46BE-8130-E61B372ECD72}"
EndProject
Project("{FAE04EC0-301F-11D3-BF4B-00C04F79EFBC}") = "BrowseCakes", "BrowseCakes\BrowseCakes.csproj", "{B5ED5DEE-5AD4-40E2-8A69-BCC11B2D10F3}"
EndProject
Project("{FAE04EC0-301F-11D3-BF4B-00C04F79EFBC}") = "Calculator", "Calculator\Calculator.csproj", "{BB6395CF-9694-47BD-894C-72ECF55F0A0A}"
EndProject
Global
	GlobalSection(SolutionConfigurationPlatforms) = preSolution
		Debug|Any CPU = Debug|Any CPU
		Release|Any CPU = Release|Any CPU
	EndGlobalSection
	GlobalSection(ProjectConfigurationPlatforms) = postSolution
		{5CE4B608-3FEC-451D-95F3-C0770D449108}.Debug|Any CPU.ActiveCfg = Debug|Any CPU
		{5CE4B608-3FEC-451D-95F3-C0770D449108}.Debug|Any CPU.Build.0 = Debug|Any CPU
		{5CE4B608-3FEC-451D-95F3-C0770D449108}.Release|Any CPU.ActiveCfg = Release|Any CPU
		{5CE4B608-3FEC-451D-95F3-C0770D449108}.Release|Any CPU.Build.0 = Release|Any CPU
		{35ACD455-807C-46BE-8130-E61B372ECD72}.Debug|Any CPU.ActiveCfg = Debug|Any CPU
		{35ACD455-807C-46BE-8130-E61B372ECD72}.Debug|Any CPU.Build.0 = Debug|Any CPU
		{35ACD455-807C-46BE-8130-E61B372ECD72}.Release|Any CPU.ActiveCfg = Release|Any CPU
		{35ACD455-807C-46BE-8130-E61B372ECD72}.Release|Any CPU.Build.0 = Release|Any CPU
		{B5ED5DEE-5AD4-40E2-8A69-BCC11B2D10F3}.Debug|Any CPU.ActiveCfg = Debug|Any CPU
		{B5ED5DEE-5AD4-40E2-8A69-BCC11B2D10F3}.Debug|Any CPU.Build.0 = Debug|Any CPU
		{B5ED5DEE-5AD4-40E2-8A69-BCC11B2D10F3}.Release|Any CPU.ActiveCfg = Release|Any CPU
		{B5ED5DEE-5AD4-40E2-8A69-BCC11B2D10F3}.Release|Any CPU.Build.0 = Release|Any CPU
		{BB6395CF-9694-47BD-894C-72ECF55F0A0A}.Debug|Any CPU.ActiveCfg = Debug|Any CPU
		{BB6395CF-9694-47BD-894C-72ECF55F0A0A}.Debug|Any CPU.Build.0 = Debug|Any CPU
		{BB6395CF-9694-47BD-894C-72ECF55F0A0A}.Release|Any CPU.ActiveCfg = Release|Any CPU
		{BB6395CF-9694-47BD-894C-72ECF55F0A0A}.Release|Any CPU.Build.0 = Release|Any CPU
	EndGlobalSection
	GlobalSection(SolutionProperties) = preSolution
		HideSolutionNode = FALSE
	EndGlobalSection
EndGlobal
