
Microsoft Visual Studio Solution File, Format Version 12.00
# Visual Studio 2013
VisualStudioVersion = 12.0.21005.1
MinimumVisualStudioVersion = 10.0.40219.1
Project("{FAE04EC0-301F-11D3-BF4B-00C04F79EFBC}") = "03.MinMaxSumAndAverageOfNNumbers", "03.MinMaxSumAndAverageOfNNumbers\03.MinMaxSumAndAverageOfNNumbers.csproj", "{9DF43282-85D8-4A56-A61A-F60C0763ABB9}"
EndProject
Project("{FAE04EC0-301F-11D3-BF4B-00C04F79EFBC}") = "04.PrintADeckOf52Cards", "04.PrintADeckOf52Cards\04.PrintADeckOf52Cards.csproj", "{1D4547E2-D6F4-4677-989A-F4E6A52B9E69}"
EndProject
Project("{FAE04EC0-301F-11D3-BF4B-00C04F79EFBC}") = "02.NumbersNotDivisibleBy3And7", "02.NumbersNotDivisibleBy3And7\02.NumbersNotDivisibleBy3And7.csproj", "{FC3BAE6F-E438-4C7A-A0FA-E6E993FB82D1}"
EndProject
Project("{FAE04EC0-301F-11D3-BF4B-00C04F79EFBC}") = "01.NumbersFromOneToN", "01.NumbersFromOneToN\01.NumbersFromOneToN.csproj", "{2CFD2DF8-6684-4DFA-95FE-BCEC94ACEFA3}"
EndProject
Project("{FAE04EC0-301F-11D3-BF4B-00C04F79EFBC}") = "06.CalculateAnotherEquation", "06.CalculateAnotherEquation\06.CalculateAnotherEquation.csproj", "{D9E3FE8C-437A-443A-8F23-4D3ACD06754C}"
EndProject
Project("{FAE04EC0-301F-11D3-BF4B-00C04F79EFBC}") = "07.CatalanNumbers", "07.CalculateThirdEquation\07.CatalanNumbers.csproj", "{0179F4CE-BD98-4D12-A5A6-67D16D073662}"
EndProject
Project("{FAE04EC0-301F-11D3-BF4B-00C04F79EFBC}") = "08.MatrixOfNumbers", "08.MatrixOfNumbers\08.MatrixOfNumbers.csproj", "{81D12BBB-2148-4E95-A7F5-E6D551FA6296}"
EndProject
Project("{FAE04EC0-301F-11D3-BF4B-00C04F79EFBC}") = "09.OddAndEvenProduct", "09.OddAndEvenProduct\09.OddAndEvenProduct.csproj", "{DA102E70-C4CA-46A3-A656-8D1863DE2159}"
EndProject
Project("{FAE04EC0-301F-11D3-BF4B-00C04F79EFBC}") = "11.RandomNumbersInGivenRange", "11.RandomNumbersInGivenRange\11.RandomNumbersInGivenRange.csproj", "{84A9F969-F7B3-435D-906E-6769DF25BF0E}"
EndProject
Project("{FAE04EC0-301F-11D3-BF4B-00C04F79EFBC}") = "05.CalculateEquation", "05.CalculateEquation\05.CalculateEquation.csproj", "{9AAB730E-7F86-4A14-84A7-A068AAF105D3}"
EndProject
Project("{FAE04EC0-301F-11D3-BF4B-00C04F79EFBC}") = "10.CalculateFactorialFormula", "10.CalculateFactorialFormula\10.CalculateFactorialFormula.csproj", "{168C4083-BD06-48CA-A8D5-B322675D401C}"
EndProject
Global
	GlobalSection(SolutionConfigurationPlatforms) = preSolution
		Debug|Any CPU = Debug|Any CPU
		Release|Any CPU = Release|Any CPU
	EndGlobalSection
	GlobalSection(ProjectConfigurationPlatforms) = postSolution
		{9DF43282-85D8-4A56-A61A-F60C0763ABB9}.Debug|Any CPU.ActiveCfg = Debug|Any CPU
		{9DF43282-85D8-4A56-A61A-F60C0763ABB9}.Debug|Any CPU.Build.0 = Debug|Any CPU
		{9DF43282-85D8-4A56-A61A-F60C0763ABB9}.Release|Any CPU.ActiveCfg = Release|Any CPU
		{9DF43282-85D8-4A56-A61A-F60C0763ABB9}.Release|Any CPU.Build.0 = Release|Any CPU
		{1D4547E2-D6F4-4677-989A-F4E6A52B9E69}.Debug|Any CPU.ActiveCfg = Debug|Any CPU
		{1D4547E2-D6F4-4677-989A-F4E6A52B9E69}.Debug|Any CPU.Build.0 = Debug|Any CPU
		{1D4547E2-D6F4-4677-989A-F4E6A52B9E69}.Release|Any CPU.ActiveCfg = Release|Any CPU
		{1D4547E2-D6F4-4677-989A-F4E6A52B9E69}.Release|Any CPU.Build.0 = Release|Any CPU
		{FC3BAE6F-E438-4C7A-A0FA-E6E993FB82D1}.Debug|Any CPU.ActiveCfg = Debug|Any CPU
		{FC3BAE6F-E438-4C7A-A0FA-E6E993FB82D1}.Debug|Any CPU.Build.0 = Debug|Any CPU
		{FC3BAE6F-E438-4C7A-A0FA-E6E993FB82D1}.Release|Any CPU.ActiveCfg = Release|Any CPU
		{FC3BAE6F-E438-4C7A-A0FA-E6E993FB82D1}.Release|Any CPU.Build.0 = Release|Any CPU
		{2CFD2DF8-6684-4DFA-95FE-BCEC94ACEFA3}.Debug|Any CPU.ActiveCfg = Debug|Any CPU
		{2CFD2DF8-6684-4DFA-95FE-BCEC94ACEFA3}.Debug|Any CPU.Build.0 = Debug|Any CPU
		{2CFD2DF8-6684-4DFA-95FE-BCEC94ACEFA3}.Release|Any CPU.ActiveCfg = Release|Any CPU
		{2CFD2DF8-6684-4DFA-95FE-BCEC94ACEFA3}.Release|Any CPU.Build.0 = Release|Any CPU
		{D9E3FE8C-437A-443A-8F23-4D3ACD06754C}.Debug|Any CPU.ActiveCfg = Debug|Any CPU
		{D9E3FE8C-437A-443A-8F23-4D3ACD06754C}.Debug|Any CPU.Build.0 = Debug|Any CPU
		{D9E3FE8C-437A-443A-8F23-4D3ACD06754C}.Release|Any CPU.ActiveCfg = Release|Any CPU
		{D9E3FE8C-437A-443A-8F23-4D3ACD06754C}.Release|Any CPU.Build.0 = Release|Any CPU
		{0179F4CE-BD98-4D12-A5A6-67D16D073662}.Debug|Any CPU.ActiveCfg = Debug|Any CPU
		{0179F4CE-BD98-4D12-A5A6-67D16D073662}.Debug|Any CPU.Build.0 = Debug|Any CPU
		{0179F4CE-BD98-4D12-A5A6-67D16D073662}.Release|Any CPU.ActiveCfg = Release|Any CPU
		{0179F4CE-BD98-4D12-A5A6-67D16D073662}.Release|Any CPU.Build.0 = Release|Any CPU
		{81D12BBB-2148-4E95-A7F5-E6D551FA6296}.Debug|Any CPU.ActiveCfg = Debug|Any CPU
		{81D12BBB-2148-4E95-A7F5-E6D551FA6296}.Debug|Any CPU.Build.0 = Debug|Any CPU
		{81D12BBB-2148-4E95-A7F5-E6D551FA6296}.Release|Any CPU.ActiveCfg = Release|Any CPU
		{81D12BBB-2148-4E95-A7F5-E6D551FA6296}.Release|Any CPU.Build.0 = Release|Any CPU
		{DA102E70-C4CA-46A3-A656-8D1863DE2159}.Debug|Any CPU.ActiveCfg = Debug|Any CPU
		{DA102E70-C4CA-46A3-A656-8D1863DE2159}.Debug|Any CPU.Build.0 = Debug|Any CPU
		{DA102E70-C4CA-46A3-A656-8D1863DE2159}.Release|Any CPU.ActiveCfg = Release|Any CPU
		{DA102E70-C4CA-46A3-A656-8D1863DE2159}.Release|Any CPU.Build.0 = Release|Any CPU
		{84A9F969-F7B3-435D-906E-6769DF25BF0E}.Debug|Any CPU.ActiveCfg = Debug|Any CPU
		{84A9F969-F7B3-435D-906E-6769DF25BF0E}.Debug|Any CPU.Build.0 = Debug|Any CPU
		{84A9F969-F7B3-435D-906E-6769DF25BF0E}.Release|Any CPU.ActiveCfg = Release|Any CPU
		{84A9F969-F7B3-435D-906E-6769DF25BF0E}.Release|Any CPU.Build.0 = Release|Any CPU
		{9AAB730E-7F86-4A14-84A7-A068AAF105D3}.Debug|Any CPU.ActiveCfg = Debug|Any CPU
		{9AAB730E-7F86-4A14-84A7-A068AAF105D3}.Debug|Any CPU.Build.0 = Debug|Any CPU
		{9AAB730E-7F86-4A14-84A7-A068AAF105D3}.Release|Any CPU.ActiveCfg = Release|Any CPU
		{9AAB730E-7F86-4A14-84A7-A068AAF105D3}.Release|Any CPU.Build.0 = Release|Any CPU
		{168C4083-BD06-48CA-A8D5-B322675D401C}.Debug|Any CPU.ActiveCfg = Debug|Any CPU
		{168C4083-BD06-48CA-A8D5-B322675D401C}.Debug|Any CPU.Build.0 = Debug|Any CPU
		{168C4083-BD06-48CA-A8D5-B322675D401C}.Release|Any CPU.ActiveCfg = Release|Any CPU
		{168C4083-BD06-48CA-A8D5-B322675D401C}.Release|Any CPU.Build.0 = Release|Any CPU
	EndGlobalSection
	GlobalSection(SolutionProperties) = preSolution
		HideSolutionNode = FALSE
	EndGlobalSection
EndGlobal
