
Microsoft Visual Studio Solution File, Format Version 12.00
# Visual Studio 2013
VisualStudioVersion = 12.0.21005.1
MinimumVisualStudioVersion = 10.0.40219.1
Project("{FAE04EC0-301F-11D3-BF4B-00C04F79EFBC}") = "02.GravitationOnTheMoon", "02.GravitationOnTheMoon\02.GravitationOnTheMoon.csproj", "{9B892D40-EF1D-4BAD-BB75-6868101994F6}"
EndProject
Project("{FAE04EC0-301F-11D3-BF4B-00C04F79EFBC}") = "03.DivideBy7And5", "03.DivideBy7And5\03.DivideBy7And5.csproj", "{9C43670B-5452-47EC-8853-0352EE958A78}"
EndProject
Project("{FAE04EC0-301F-11D3-BF4B-00C04F79EFBC}") = "04.Rectangles", "04.Rectangles\04.Rectangles.csproj", "{A796985D-4BA1-47EE-847B-CBA0BA64B871}"
EndProject
Project("{FAE04EC0-301F-11D3-BF4B-00C04F79EFBC}") = "05.ThirdDigitIs7maybe", "05.ThirdDigitIs7maybe\05.ThirdDigitIs7maybe.csproj", "{8325A9DF-89DE-4212-8D1F-B868D9F9647B}"
EndProject
Project("{FAE04EC0-301F-11D3-BF4B-00C04F79EFBC}") = "06.FourDigitNumber", "06.FourDigitNumber\06.FourDigitNumber.csproj", "{D904056B-6F5D-4DCE-9AAE-7D8FE783363A}"
EndProject
Project("{FAE04EC0-301F-11D3-BF4B-00C04F79EFBC}") = "07.PointInACircle", "07.PointInACircle\07.PointInACircle.csproj", "{1BBEB5AC-2F46-4894-BF4B-9684CD53842F}"
EndProject
Project("{FAE04EC0-301F-11D3-BF4B-00C04F79EFBC}") = "01.OddOrEven", "01.OddOrEven\01.OddOrEven.csproj", "{516C84BD-5EDF-4DDA-B5A1-7841D9AAEF9F}"
EndProject
Project("{FAE04EC0-301F-11D3-BF4B-00C04F79EFBC}") = "08.PrimeNumberCheck", "08.PrimeNumberCheck\08.PrimeNumberCheck.csproj", "{93D54A23-3BEF-42D2-89A8-F7B4EE8B537A}"
EndProject
Project("{FAE04EC0-301F-11D3-BF4B-00C04F79EFBC}") = "09.Trapezoids", "09.Trapezoids\09.Trapezoids.csproj", "{7B0D608F-1CC1-4379-B9D5-D7DE939DF09D}"
EndProject
Project("{FAE04EC0-301F-11D3-BF4B-00C04F79EFBC}") = "10.PointInsideACircleAndOutsideOfARectangle", "10.PointInsideACircleAndOutsideOfARectangle\10.PointInsideACircleAndOutsideOfARectangle.csproj", "{F7471230-2451-43E3-A484-EF13187E96F5}"
EndProject
Project("{FAE04EC0-301F-11D3-BF4B-00C04F79EFBC}") = "11.BitwiseExtractBitN3", "11.BitwiseExtractBitN3\11.BitwiseExtractBitN3.csproj", "{82D99A89-D681-4306-BFD9-580C98BC95EE}"
EndProject
Project("{FAE04EC0-301F-11D3-BF4B-00C04F79EFBC}") = "12.ExtractBitFfromInteger", "12.ExtractBitFfromInteger\12.ExtractBitFfromInteger.csproj", "{6CEC1E61-6E2A-4E37-B2C3-D758C8A87A47}"
EndProject
Project("{FAE04EC0-301F-11D3-BF4B-00C04F79EFBC}") = "13.CheckABitAGivenPosition", "13.CheckABitAGivenPosition\13.CheckABitAGivenPosition.csproj", "{289A6111-662F-40BD-A039-3276D87DC319}"
EndProject
Project("{FAE04EC0-301F-11D3-BF4B-00C04F79EFBC}") = "14.ModifyABitAtGivenPosition", "14.ModifyABitAtGivenPosition\14.ModifyABitAtGivenPosition.csproj", "{0E912784-C9FD-4291-A4FF-F8D9F9A9506C}"
EndProject
Project("{FAE04EC0-301F-11D3-BF4B-00C04F79EFBC}") = "15.BitsExchange", "15.BitsExchange\15.BitsExchange.csproj", "{F5756D94-67C9-4FB2-AF9D-2859C3384438}"
EndProject
Global
	GlobalSection(SolutionConfigurationPlatforms) = preSolution
		Debug|Any CPU = Debug|Any CPU
		Release|Any CPU = Release|Any CPU
	EndGlobalSection
	GlobalSection(ProjectConfigurationPlatforms) = postSolution
		{9B892D40-EF1D-4BAD-BB75-6868101994F6}.Debug|Any CPU.ActiveCfg = Debug|Any CPU
		{9B892D40-EF1D-4BAD-BB75-6868101994F6}.Debug|Any CPU.Build.0 = Debug|Any CPU
		{9B892D40-EF1D-4BAD-BB75-6868101994F6}.Release|Any CPU.ActiveCfg = Release|Any CPU
		{9B892D40-EF1D-4BAD-BB75-6868101994F6}.Release|Any CPU.Build.0 = Release|Any CPU
		{9C43670B-5452-47EC-8853-0352EE958A78}.Debug|Any CPU.ActiveCfg = Debug|Any CPU
		{9C43670B-5452-47EC-8853-0352EE958A78}.Debug|Any CPU.Build.0 = Debug|Any CPU
		{9C43670B-5452-47EC-8853-0352EE958A78}.Release|Any CPU.ActiveCfg = Release|Any CPU
		{9C43670B-5452-47EC-8853-0352EE958A78}.Release|Any CPU.Build.0 = Release|Any CPU
		{A796985D-4BA1-47EE-847B-CBA0BA64B871}.Debug|Any CPU.ActiveCfg = Debug|Any CPU
		{A796985D-4BA1-47EE-847B-CBA0BA64B871}.Debug|Any CPU.Build.0 = Debug|Any CPU
		{A796985D-4BA1-47EE-847B-CBA0BA64B871}.Release|Any CPU.ActiveCfg = Release|Any CPU
		{A796985D-4BA1-47EE-847B-CBA0BA64B871}.Release|Any CPU.Build.0 = Release|Any CPU
		{8325A9DF-89DE-4212-8D1F-B868D9F9647B}.Debug|Any CPU.ActiveCfg = Debug|Any CPU
		{8325A9DF-89DE-4212-8D1F-B868D9F9647B}.Debug|Any CPU.Build.0 = Debug|Any CPU
		{8325A9DF-89DE-4212-8D1F-B868D9F9647B}.Release|Any CPU.ActiveCfg = Release|Any CPU
		{8325A9DF-89DE-4212-8D1F-B868D9F9647B}.Release|Any CPU.Build.0 = Release|Any CPU
		{D904056B-6F5D-4DCE-9AAE-7D8FE783363A}.Debug|Any CPU.ActiveCfg = Debug|Any CPU
		{D904056B-6F5D-4DCE-9AAE-7D8FE783363A}.Debug|Any CPU.Build.0 = Debug|Any CPU
		{D904056B-6F5D-4DCE-9AAE-7D8FE783363A}.Release|Any CPU.ActiveCfg = Release|Any CPU
		{D904056B-6F5D-4DCE-9AAE-7D8FE783363A}.Release|Any CPU.Build.0 = Release|Any CPU
		{1BBEB5AC-2F46-4894-BF4B-9684CD53842F}.Debug|Any CPU.ActiveCfg = Debug|Any CPU
		{1BBEB5AC-2F46-4894-BF4B-9684CD53842F}.Debug|Any CPU.Build.0 = Debug|Any CPU
		{1BBEB5AC-2F46-4894-BF4B-9684CD53842F}.Release|Any CPU.ActiveCfg = Release|Any CPU
		{1BBEB5AC-2F46-4894-BF4B-9684CD53842F}.Release|Any CPU.Build.0 = Release|Any CPU
		{516C84BD-5EDF-4DDA-B5A1-7841D9AAEF9F}.Debug|Any CPU.ActiveCfg = Debug|Any CPU
		{516C84BD-5EDF-4DDA-B5A1-7841D9AAEF9F}.Debug|Any CPU.Build.0 = Debug|Any CPU
		{516C84BD-5EDF-4DDA-B5A1-7841D9AAEF9F}.Release|Any CPU.ActiveCfg = Release|Any CPU
		{516C84BD-5EDF-4DDA-B5A1-7841D9AAEF9F}.Release|Any CPU.Build.0 = Release|Any CPU
		{93D54A23-3BEF-42D2-89A8-F7B4EE8B537A}.Debug|Any CPU.ActiveCfg = Debug|Any CPU
		{93D54A23-3BEF-42D2-89A8-F7B4EE8B537A}.Debug|Any CPU.Build.0 = Debug|Any CPU
		{93D54A23-3BEF-42D2-89A8-F7B4EE8B537A}.Release|Any CPU.ActiveCfg = Release|Any CPU
		{93D54A23-3BEF-42D2-89A8-F7B4EE8B537A}.Release|Any CPU.Build.0 = Release|Any CPU
		{7B0D608F-1CC1-4379-B9D5-D7DE939DF09D}.Debug|Any CPU.ActiveCfg = Debug|Any CPU
		{7B0D608F-1CC1-4379-B9D5-D7DE939DF09D}.Debug|Any CPU.Build.0 = Debug|Any CPU
		{7B0D608F-1CC1-4379-B9D5-D7DE939DF09D}.Release|Any CPU.ActiveCfg = Release|Any CPU
		{7B0D608F-1CC1-4379-B9D5-D7DE939DF09D}.Release|Any CPU.Build.0 = Release|Any CPU
		{F7471230-2451-43E3-A484-EF13187E96F5}.Debug|Any CPU.ActiveCfg = Debug|Any CPU
		{F7471230-2451-43E3-A484-EF13187E96F5}.Debug|Any CPU.Build.0 = Debug|Any CPU
		{F7471230-2451-43E3-A484-EF13187E96F5}.Release|Any CPU.ActiveCfg = Release|Any CPU
		{F7471230-2451-43E3-A484-EF13187E96F5}.Release|Any CPU.Build.0 = Release|Any CPU
		{82D99A89-D681-4306-BFD9-580C98BC95EE}.Debug|Any CPU.ActiveCfg = Debug|Any CPU
		{82D99A89-D681-4306-BFD9-580C98BC95EE}.Debug|Any CPU.Build.0 = Debug|Any CPU
		{82D99A89-D681-4306-BFD9-580C98BC95EE}.Release|Any CPU.ActiveCfg = Release|Any CPU
		{82D99A89-D681-4306-BFD9-580C98BC95EE}.Release|Any CPU.Build.0 = Release|Any CPU
		{6CEC1E61-6E2A-4E37-B2C3-D758C8A87A47}.Debug|Any CPU.ActiveCfg = Debug|Any CPU
		{6CEC1E61-6E2A-4E37-B2C3-D758C8A87A47}.Debug|Any CPU.Build.0 = Debug|Any CPU
		{6CEC1E61-6E2A-4E37-B2C3-D758C8A87A47}.Release|Any CPU.ActiveCfg = Release|Any CPU
		{6CEC1E61-6E2A-4E37-B2C3-D758C8A87A47}.Release|Any CPU.Build.0 = Release|Any CPU
		{289A6111-662F-40BD-A039-3276D87DC319}.Debug|Any CPU.ActiveCfg = Debug|Any CPU
		{289A6111-662F-40BD-A039-3276D87DC319}.Debug|Any CPU.Build.0 = Debug|Any CPU
		{289A6111-662F-40BD-A039-3276D87DC319}.Release|Any CPU.ActiveCfg = Release|Any CPU
		{289A6111-662F-40BD-A039-3276D87DC319}.Release|Any CPU.Build.0 = Release|Any CPU
		{0E912784-C9FD-4291-A4FF-F8D9F9A9506C}.Debug|Any CPU.ActiveCfg = Debug|Any CPU
		{0E912784-C9FD-4291-A4FF-F8D9F9A9506C}.Debug|Any CPU.Build.0 = Debug|Any CPU
		{0E912784-C9FD-4291-A4FF-F8D9F9A9506C}.Release|Any CPU.ActiveCfg = Release|Any CPU
		{0E912784-C9FD-4291-A4FF-F8D9F9A9506C}.Release|Any CPU.Build.0 = Release|Any CPU
		{F5756D94-67C9-4FB2-AF9D-2859C3384438}.Debug|Any CPU.ActiveCfg = Debug|Any CPU
		{F5756D94-67C9-4FB2-AF9D-2859C3384438}.Debug|Any CPU.Build.0 = Debug|Any CPU
		{F5756D94-67C9-4FB2-AF9D-2859C3384438}.Release|Any CPU.ActiveCfg = Release|Any CPU
		{F5756D94-67C9-4FB2-AF9D-2859C3384438}.Release|Any CPU.Build.0 = Release|Any CPU
	EndGlobalSection
	GlobalSection(SolutionProperties) = preSolution
		HideSolutionNode = FALSE
	EndGlobalSection
EndGlobal
