
Microsoft Visual Studio Solution File, Format Version 12.00
# Visual Studio 14
VisualStudioVersion = 14.0.25420.1
MinimumVisualStudioVersion = 10.0.40219.1
Project("{FAE04EC0-301F-11D3-BF4B-00C04F79EFBC}") = "Utility", "PizzaMore.Utility\Utility.csproj", "{7917A44A-8BCA-4E5B-B1EA-DAFFBBE446F9}"
EndProject
Project("{FAE04EC0-301F-11D3-BF4B-00C04F79EFBC}") = "Data", "PizzaMore.Data\Data.csproj", "{37C1BE75-8E63-4E05-8090-4BD76392E809}"
EndProject
Project("{FAE04EC0-301F-11D3-BF4B-00C04F79EFBC}") = "Models", "PizzaMore.Models\Models.csproj", "{DBA5164A-A3F7-4BD6-A562-624014E55534}"
EndProject
Project("{FAE04EC0-301F-11D3-BF4B-00C04F79EFBC}") = "Home", "Home\Home.csproj", "{8DE1E60C-F81C-4080-AC88-256BACD2DF84}"
EndProject
Project("{FAE04EC0-301F-11D3-BF4B-00C04F79EFBC}") = "SignUp", "SignUp\SignUp.csproj", "{0A071941-A7B8-48DA-998D-1FD333AAD324}"
EndProject
Project("{FAE04EC0-301F-11D3-BF4B-00C04F79EFBC}") = "SignIn", "SignIn\SignIn.csproj", "{8564F9BD-648D-4214-B353-67CAF926CC5A}"
EndProject
Project("{FAE04EC0-301F-11D3-BF4B-00C04F79EFBC}") = "MenuPage", "MenuPage\MenuPage.csproj", "{B8736A86-521D-4387-BE72-C9504E864B48}"
EndProject
Project("{FAE04EC0-301F-11D3-BF4B-00C04F79EFBC}") = "AddPizza", "AddPizza\AddPizza.csproj", "{A02279CB-4677-4D6D-A0E3-A3FEDAAF270B}"
EndProject
Project("{FAE04EC0-301F-11D3-BF4B-00C04F79EFBC}") = "YourSuggestions", "YourSuggestions\YourSuggestions.csproj", "{B9D519D1-AA53-4774-B0B6-751E6B1F593F}"
EndProject
Project("{FAE04EC0-301F-11D3-BF4B-00C04F79EFBC}") = "DetailsPizza", "DetailsPizza\DetailsPizza.csproj", "{8E818E52-001B-4D98-8BA7-B46A7F4A5985}"
EndProject
Global
	GlobalSection(SolutionConfigurationPlatforms) = preSolution
		Debug|Any CPU = Debug|Any CPU
		Release|Any CPU = Release|Any CPU
	EndGlobalSection
	GlobalSection(ProjectConfigurationPlatforms) = postSolution
		{7917A44A-8BCA-4E5B-B1EA-DAFFBBE446F9}.Debug|Any CPU.ActiveCfg = Debug|Any CPU
		{7917A44A-8BCA-4E5B-B1EA-DAFFBBE446F9}.Debug|Any CPU.Build.0 = Debug|Any CPU
		{7917A44A-8BCA-4E5B-B1EA-DAFFBBE446F9}.Release|Any CPU.ActiveCfg = Release|Any CPU
		{7917A44A-8BCA-4E5B-B1EA-DAFFBBE446F9}.Release|Any CPU.Build.0 = Release|Any CPU
		{37C1BE75-8E63-4E05-8090-4BD76392E809}.Debug|Any CPU.ActiveCfg = Debug|Any CPU
		{37C1BE75-8E63-4E05-8090-4BD76392E809}.Debug|Any CPU.Build.0 = Debug|Any CPU
		{37C1BE75-8E63-4E05-8090-4BD76392E809}.Release|Any CPU.ActiveCfg = Release|Any CPU
		{37C1BE75-8E63-4E05-8090-4BD76392E809}.Release|Any CPU.Build.0 = Release|Any CPU
		{DBA5164A-A3F7-4BD6-A562-624014E55534}.Debug|Any CPU.ActiveCfg = Debug|Any CPU
		{DBA5164A-A3F7-4BD6-A562-624014E55534}.Debug|Any CPU.Build.0 = Debug|Any CPU
		{DBA5164A-A3F7-4BD6-A562-624014E55534}.Release|Any CPU.ActiveCfg = Release|Any CPU
		{DBA5164A-A3F7-4BD6-A562-624014E55534}.Release|Any CPU.Build.0 = Release|Any CPU
		{8DE1E60C-F81C-4080-AC88-256BACD2DF84}.Debug|Any CPU.ActiveCfg = Debug|Any CPU
		{8DE1E60C-F81C-4080-AC88-256BACD2DF84}.Debug|Any CPU.Build.0 = Debug|Any CPU
		{8DE1E60C-F81C-4080-AC88-256BACD2DF84}.Release|Any CPU.ActiveCfg = Release|Any CPU
		{8DE1E60C-F81C-4080-AC88-256BACD2DF84}.Release|Any CPU.Build.0 = Release|Any CPU
		{0A071941-A7B8-48DA-998D-1FD333AAD324}.Debug|Any CPU.ActiveCfg = Debug|Any CPU
		{0A071941-A7B8-48DA-998D-1FD333AAD324}.Debug|Any CPU.Build.0 = Debug|Any CPU
		{0A071941-A7B8-48DA-998D-1FD333AAD324}.Release|Any CPU.ActiveCfg = Release|Any CPU
		{0A071941-A7B8-48DA-998D-1FD333AAD324}.Release|Any CPU.Build.0 = Release|Any CPU
		{8564F9BD-648D-4214-B353-67CAF926CC5A}.Debug|Any CPU.ActiveCfg = Debug|Any CPU
		{8564F9BD-648D-4214-B353-67CAF926CC5A}.Debug|Any CPU.Build.0 = Debug|Any CPU
		{8564F9BD-648D-4214-B353-67CAF926CC5A}.Release|Any CPU.ActiveCfg = Release|Any CPU
		{8564F9BD-648D-4214-B353-67CAF926CC5A}.Release|Any CPU.Build.0 = Release|Any CPU
		{B8736A86-521D-4387-BE72-C9504E864B48}.Debug|Any CPU.ActiveCfg = Debug|Any CPU
		{B8736A86-521D-4387-BE72-C9504E864B48}.Debug|Any CPU.Build.0 = Debug|Any CPU
		{B8736A86-521D-4387-BE72-C9504E864B48}.Release|Any CPU.ActiveCfg = Release|Any CPU
		{B8736A86-521D-4387-BE72-C9504E864B48}.Release|Any CPU.Build.0 = Release|Any CPU
		{A02279CB-4677-4D6D-A0E3-A3FEDAAF270B}.Debug|Any CPU.ActiveCfg = Debug|Any CPU
		{A02279CB-4677-4D6D-A0E3-A3FEDAAF270B}.Debug|Any CPU.Build.0 = Debug|Any CPU
		{A02279CB-4677-4D6D-A0E3-A3FEDAAF270B}.Release|Any CPU.ActiveCfg = Release|Any CPU
		{A02279CB-4677-4D6D-A0E3-A3FEDAAF270B}.Release|Any CPU.Build.0 = Release|Any CPU
		{B9D519D1-AA53-4774-B0B6-751E6B1F593F}.Debug|Any CPU.ActiveCfg = Debug|Any CPU
		{B9D519D1-AA53-4774-B0B6-751E6B1F593F}.Debug|Any CPU.Build.0 = Debug|Any CPU
		{B9D519D1-AA53-4774-B0B6-751E6B1F593F}.Release|Any CPU.ActiveCfg = Release|Any CPU
		{B9D519D1-AA53-4774-B0B6-751E6B1F593F}.Release|Any CPU.Build.0 = Release|Any CPU
		{8E818E52-001B-4D98-8BA7-B46A7F4A5985}.Debug|Any CPU.ActiveCfg = Debug|Any CPU
		{8E818E52-001B-4D98-8BA7-B46A7F4A5985}.Debug|Any CPU.Build.0 = Debug|Any CPU
		{8E818E52-001B-4D98-8BA7-B46A7F4A5985}.Release|Any CPU.ActiveCfg = Release|Any CPU
		{8E818E52-001B-4D98-8BA7-B46A7F4A5985}.Release|Any CPU.Build.0 = Release|Any CPU
	EndGlobalSection
	GlobalSection(SolutionProperties) = preSolution
		HideSolutionNode = FALSE
	EndGlobalSection
EndGlobal
