
Microsoft Visual Studio Solution File, Format Version 12.00
# Visual Studio 2013
VisualStudioVersion = 12.0.21005.1
MinimumVisualStudioVersion = 10.0.40219.1
Project("{FAE04EC0-301F-11D3-BF4B-00C04F79EFBC}") = "01.Persons", "01.Persons\01.Persons.csproj", "{23E81060-2440-4009-8478-64C860B85CC3}"
EndProject
Project("{FAE04EC0-301F-11D3-BF4B-00C04F79EFBC}") = "02.LaptopShop", "02.LaptopShop\02.LaptopShop.csproj", "{7F4FD9A7-F855-48DF-AD1D-F0623C78324C}"
EndProject
Project("{FAE04EC0-301F-11D3-BF4B-00C04F79EFBC}") = "03.PCcatalog", "03.PCcatalog\03.PCcatalog.csproj", "{0CD45757-02E3-49D7-944D-516D59F1FC0E}"
EndProject
Global
	GlobalSection(SolutionConfigurationPlatforms) = preSolution
		Debug|Any CPU = Debug|Any CPU
		Release|Any CPU = Release|Any CPU
	EndGlobalSection
	GlobalSection(ProjectConfigurationPlatforms) = postSolution
		{23E81060-2440-4009-8478-64C860B85CC3}.Debug|Any CPU.ActiveCfg = Debug|Any CPU
		{23E81060-2440-4009-8478-64C860B85CC3}.Debug|Any CPU.Build.0 = Debug|Any CPU
		{23E81060-2440-4009-8478-64C860B85CC3}.Release|Any CPU.ActiveCfg = Release|Any CPU
		{23E81060-2440-4009-8478-64C860B85CC3}.Release|Any CPU.Build.0 = Release|Any CPU
		{7F4FD9A7-F855-48DF-AD1D-F0623C78324C}.Debug|Any CPU.ActiveCfg = Debug|Any CPU
		{7F4FD9A7-F855-48DF-AD1D-F0623C78324C}.Debug|Any CPU.Build.0 = Debug|Any CPU
		{7F4FD9A7-F855-48DF-AD1D-F0623C78324C}.Release|Any CPU.ActiveCfg = Release|Any CPU
		{7F4FD9A7-F855-48DF-AD1D-F0623C78324C}.Release|Any CPU.Build.0 = Release|Any CPU
		{0CD45757-02E3-49D7-944D-516D59F1FC0E}.Debug|Any CPU.ActiveCfg = Debug|Any CPU
		{0CD45757-02E3-49D7-944D-516D59F1FC0E}.Debug|Any CPU.Build.0 = Debug|Any CPU
		{0CD45757-02E3-49D7-944D-516D59F1FC0E}.Release|Any CPU.ActiveCfg = Release|Any CPU
		{0CD45757-02E3-49D7-944D-516D59F1FC0E}.Release|Any CPU.Build.0 = Release|Any CPU
	EndGlobalSection
	GlobalSection(SolutionProperties) = preSolution
		HideSolutionNode = FALSE
	EndGlobalSection
EndGlobal
